{
  "pins" : [
    {
      "identity" : "sfsafesymbols",
      "kind" : "remoteSourceControl",
      "location" : "https://github.com/SFSafeSymbols/SFSafeSymbols",
      "state" : {
        "revision" : "50bc33264e6c0972f905b61af656201cf6091de8",
        "version" : "4.0.0"
      }
    }
  ],
  "version" : 2
}
