// !$*UTF8*$!
{
	archiveVersion = 1;
	classes = {
	};
	objectVersion = 56;
	objects = {

/* Begin PBXBuildFile section */
		8D0771DB28DA321F0022433F /* DataDogApp.swift in Sources */ = {isa = PBXBuildFile; fileRef = 8D0771DA28DA321F0022433F /* DataDogApp.swift */; };
		8D0771DD28DA321F0022433F /* RootView.swift in Sources */ = {isa = PBXBuildFile; fileRef = 8D0771DC28DA321F0022433F /* RootView.swift */; };
		8D0771DF28DA32210022433F /* Assets.xcassets in Resources */ = {isa = PBXBuildFile; fileRef = 8D0771DE28DA32210022433F /* Assets.xcassets */; };
		8D0771E228DA32210022433F /* Preview Assets.xcassets in Resources */ = {isa = PBXBuildFile; fileRef = 8D0771E128DA32210022433F /* Preview Assets.xcassets */; };
		8D0771EC28DA32210022433F /* DataDogWatchAppTests.swift in Sources */ = {isa = PBXBuildFile; fileRef = 8D0771EB28DA32210022433F /* DataDogWatchAppTests.swift */; };
		8D0771F628DA32210022433F /* DataDogWatchAppUITests.swift in Sources */ = {isa = PBXBuildFile; fileRef = 8D0771F528DA32210022433F /* DataDogWatchAppUITests.swift */; };
		8D0771F828DA32210022433F /* DataDogWatchAppUITestsLaunchTests.swift in Sources */ = {isa = PBXBuildFile; fileRef = 8D0771F728DA32210022433F /* DataDogWatchAppUITestsLaunchTests.swift */; };
		8D07720B28DA356B0022433F /* Metrics.swift in Sources */ = {isa = PBXBuildFile; fileRef = 8D07720A28DA356B0022433F /* Metrics.swift */; };
		8D07720D28DA35710022433F /* Events.swift in Sources */ = {isa = PBXBuildFile; fileRef = 8D07720C28DA35710022433F /* Events.swift */; };
		8D07721028DA35980022433F /* SFSafeSymbols in Frameworks */ = {isa = PBXBuildFile; productRef = 8D07720F28DA35980022433F /* SFSafeSymbols */; };
		8D0D144A28DA51E80075E192 /* Watcher in Frameworks */ = {isa = PBXBuildFile; productRef = 8D0D144928DA51E80075E192 /* Watcher */; };
		8D0D145228DF21420075E192 /* Mock+RandomMetricProvider.swift in Sources */ = {isa = PBXBuildFile; fileRef = 8D0D145128DF21420075E192 /* Mock+RandomMetricProvider.swift */; };
		8D0D145428DF22970075E192 /* Mock+MetricConfigurator.swift in Sources */ = {isa = PBXBuildFile; fileRef = 8D0D145328DF22970075E192 /* Mock+MetricConfigurator.swift */; };
		8D4F134928DF7CF400C948A9 /* Events+ViewModel.swift in Sources */ = {isa = PBXBuildFile; fileRef = 8D4F134828DF7CF400C948A9 /* Events+ViewModel.swift */; };
		8D4F134D28E0578700C948A9 /* Mock+RandomEventMetricManager.swift in Sources */ = {isa = PBXBuildFile; fileRef = 8D4F134C28E0578700C948A9 /* Mock+RandomEventMetricManager.swift */; };
		8D4F135028E0681400C948A9 /* RootView+ViewModel.swift in Sources */ = {isa = PBXBuildFile; fileRef = 8D4F134F28E0681400C948A9 /* RootView+ViewModel.swift */; };
		8D4F135228E06A8300C948A9 /* ViewModelProvider.swift in Sources */ = {isa = PBXBuildFile; fileRef = 8D4F135128E06A8300C948A9 /* ViewModelProvider.swift */; };
		8D4F135428E0845400C948A9 /* Metrics.Metric+Gauge.swift in Sources */ = {isa = PBXBuildFile; fileRef = 8D4F135328E0845400C948A9 /* Metrics.Metric+Gauge.swift */; };
		8D4F135728E08CC100C948A9 /* Color+Convenience.swift in Sources */ = {isa = PBXBuildFile; fileRef = 8D4F135628E08CC100C948A9 /* Color+Convenience.swift */; };
		8D4F135928E08F2B00C948A9 /* Metrics+Metric.swift in Sources */ = {isa = PBXBuildFile; fileRef = 8D4F135828E08F2B00C948A9 /* Metrics+Metric.swift */; };
		8D4F135F28E09FB900C948A9 /* Mock+ChartValues.swift in Sources */ = {isa = PBXBuildFile; fileRef = 8D4F135E28E09FB900C948A9 /* Mock+ChartValues.swift */; };
		8D4F136028E0A07400C948A9 /* Metrics+Chart.swift in Sources */ = {isa = PBXBuildFile; fileRef = 8D4F135A28E0963000C948A9 /* Metrics+Chart.swift */; };
		8D4F136228E0AC5A00C948A9 /* Color+Brand.swift in Sources */ = {isa = PBXBuildFile; fileRef = 8D4F136128E0AC5A00C948A9 /* Color+Brand.swift */; };
		8D4F136428E0AF4D00C948A9 /* ThresholdEditor.swift in Sources */ = {isa = PBXBuildFile; fileRef = 8D4F136328E0AF4D00C948A9 /* ThresholdEditor.swift */; };
		8D4F136828E0B01800C948A9 /* BrandedButtonStyle .swift in Sources */ = {isa = PBXBuildFile; fileRef = 8D4F136728E0B01800C948A9 /* BrandedButtonStyle .swift */; };
		8D82C44428E2DB970094AA18 /* NotificationCenterManager.swift in Sources */ = {isa = PBXBuildFile; fileRef = 8D82C44328E2DB970094AA18 /* NotificationCenterManager.swift */; };
		8D82C44828E2DC830094AA18 /* NotificationsPermissionUseCase.swift in Sources */ = {isa = PBXBuildFile; fileRef = 8D82C44728E2DC830094AA18 /* NotificationsPermissionUseCase.swift */; };
		8D82C44A28E2EAB70094AA18 /* Mock+NotificationManager.swift in Sources */ = {isa = PBXBuildFile; fileRef = 8D82C44928E2EAB70094AA18 /* Mock+NotificationManager.swift */; };
		8DA6ECC828DA39730014C59C /* Metrics+ViewModel.swift in Sources */ = {isa = PBXBuildFile; fileRef = 8DA6ECC728DA39730014C59C /* Metrics+ViewModel.swift */; };
		8DA6ECCF28DA3AA10014C59C /* Mock.swift in Sources */ = {isa = PBXBuildFile; fileRef = 8DA6ECCE28DA3AA10014C59C /* Mock.swift */; };
/* End PBXBuildFile section */

/* Begin PBXContainerItemProxy section */
		8D0771E828DA32210022433F /* PBXContainerItemProxy */ = {
			isa = PBXContainerItemProxy;
			containerPortal = 8D0771CF28DA321E0022433F /* Project object */;
			proxyType = 1;
			remoteGlobalIDString = 8D0771D628DA321F0022433F;
			remoteInfo = DataDogWatchApp;
		};
		8D0771F228DA32210022433F /* PBXContainerItemProxy */ = {
			isa = PBXContainerItemProxy;
			containerPortal = 8D0771CF28DA321E0022433F /* Project object */;
			proxyType = 1;
			remoteGlobalIDString = 8D0771D628DA321F0022433F;
			remoteInfo = DataDogWatchApp;
		};
/* End PBXContainerItemProxy section */

/* Begin PBXFileReference section */
		8D0771D728DA321F0022433F /* DataDogApp.app */ = {isa = PBXFileReference; explicitFileType = wrapper.application; includeInIndex = 0; path = DataDogApp.app; sourceTree = BUILT_PRODUCTS_DIR; };
		8D0771DA28DA321F0022433F /* DataDogApp.swift */ = {isa = PBXFileReference; lastKnownFileType = sourcecode.swift; path = DataDogApp.swift; sourceTree = "<group>"; };
		8D0771DC28DA321F0022433F /* RootView.swift */ = {isa = PBXFileReference; lastKnownFileType = sourcecode.swift; path = RootView.swift; sourceTree = "<group>"; };
		8D0771DE28DA32210022433F /* Assets.xcassets */ = {isa = PBXFileReference; lastKnownFileType = folder.assetcatalog; path = Assets.xcassets; sourceTree = "<group>"; };
		8D0771E128DA32210022433F /* Preview Assets.xcassets */ = {isa = PBXFileReference; lastKnownFileType = folder.assetcatalog; path = "Preview Assets.xcassets"; sourceTree = "<group>"; };
		8D0771E728DA32210022433F /* DataDogAppTests.xctest */ = {isa = PBXFileReference; explicitFileType = wrapper.cfbundle; includeInIndex = 0; path = DataDogAppTests.xctest; sourceTree = BUILT_PRODUCTS_DIR; };
		8D0771EB28DA32210022433F /* DataDogWatchAppTests.swift */ = {isa = PBXFileReference; lastKnownFileType = sourcecode.swift; path = DataDogWatchAppTests.swift; sourceTree = "<group>"; };
		8D0771F128DA32210022433F /* DataDogAppUITests.xctest */ = {isa = PBXFileReference; explicitFileType = wrapper.cfbundle; includeInIndex = 0; path = DataDogAppUITests.xctest; sourceTree = BUILT_PRODUCTS_DIR; };
		8D0771F528DA32210022433F /* DataDogWatchAppUITests.swift */ = {isa = PBXFileReference; lastKnownFileType = sourcecode.swift; path = DataDogWatchAppUITests.swift; sourceTree = "<group>"; };
		8D0771F728DA32210022433F /* DataDogWatchAppUITestsLaunchTests.swift */ = {isa = PBXFileReference; lastKnownFileType = sourcecode.swift; path = DataDogWatchAppUITestsLaunchTests.swift; sourceTree = "<group>"; };
		8D07720A28DA356B0022433F /* Metrics.swift */ = {isa = PBXFileReference; lastKnownFileType = sourcecode.swift; path = Metrics.swift; sourceTree = "<group>"; };
		8D07720C28DA35710022433F /* Events.swift */ = {isa = PBXFileReference; lastKnownFileType = sourcecode.swift; path = Events.swift; sourceTree = "<group>"; };
		8D0D144728DA517A0075E192 /* WatcherSDK */ = {isa = PBXFileReference; lastKnownFileType = wrapper; name = WatcherSDK; path = ../WatcherSDK; sourceTree = "<group>"; };
		8D0D145128DF21420075E192 /* Mock+RandomMetricProvider.swift */ = {isa = PBXFileReference; lastKnownFileType = sourcecode.swift; path = "Mock+RandomMetricProvider.swift"; sourceTree = "<group>"; };
		8D0D145328DF22970075E192 /* Mock+MetricConfigurator.swift */ = {isa = PBXFileReference; lastKnownFileType = sourcecode.swift; path = "Mock+MetricConfigurator.swift"; sourceTree = "<group>"; };
		8D4F134828DF7CF400C948A9 /* Events+ViewModel.swift */ = {isa = PBXFileReference; lastKnownFileType = sourcecode.swift; path = "Events+ViewModel.swift"; sourceTree = "<group>"; };
		8D4F134C28E0578700C948A9 /* Mock+RandomEventMetricManager.swift */ = {isa = PBXFileReference; lastKnownFileType = sourcecode.swift; path = "Mock+RandomEventMetricManager.swift"; sourceTree = "<group>"; };
		8D4F134F28E0681400C948A9 /* RootView+ViewModel.swift */ = {isa = PBXFileReference; lastKnownFileType = sourcecode.swift; path = "RootView+ViewModel.swift"; sourceTree = "<group>"; };
		8D4F135128E06A8300C948A9 /* ViewModelProvider.swift */ = {isa = PBXFileReference; lastKnownFileType = sourcecode.swift; path = ViewModelProvider.swift; sourceTree = "<group>"; };
		8D4F135328E0845400C948A9 /* Metrics.Metric+Gauge.swift */ = {isa = PBXFileReference; lastKnownFileType = sourcecode.swift; path = "Metrics.Metric+Gauge.swift"; sourceTree = "<group>"; };
		8D4F135628E08CC100C948A9 /* Color+Convenience.swift */ = {isa = PBXFileReference; lastKnownFileType = sourcecode.swift; path = "Color+Convenience.swift"; sourceTree = "<group>"; };
		8D4F135828E08F2B00C948A9 /* Metrics+Metric.swift */ = {isa = PBXFileReference; lastKnownFileType = sourcecode.swift; path = "Metrics+Metric.swift"; sourceTree = "<group>"; };
		8D4F135A28E0963000C948A9 /* Metrics+Chart.swift */ = {isa = PBXFileReference; lastKnownFileType = sourcecode.swift; path = "Metrics+Chart.swift"; sourceTree = "<group>"; };
		8D4F135E28E09FB900C948A9 /* Mock+ChartValues.swift */ = {isa = PBXFileReference; lastKnownFileType = sourcecode.swift; path = "Mock+ChartValues.swift"; sourceTree = "<group>"; };
		8D4F136128E0AC5A00C948A9 /* Color+Brand.swift */ = {isa = PBXFileReference; lastKnownFileType = sourcecode.swift; path = "Color+Brand.swift"; sourceTree = "<group>"; };
		8D4F136328E0AF4D00C948A9 /* ThresholdEditor.swift */ = {isa = PBXFileReference; lastKnownFileType = sourcecode.swift; path = ThresholdEditor.swift; sourceTree = "<group>"; };
		8D4F136728E0B01800C948A9 /* BrandedButtonStyle .swift */ = {isa = PBXFileReference; lastKnownFileType = sourcecode.swift; path = "BrandedButtonStyle .swift"; sourceTree = "<group>"; };
		8D82C44328E2DB970094AA18 /* NotificationCenterManager.swift */ = {isa = PBXFileReference; lastKnownFileType = sourcecode.swift; path = NotificationCenterManager.swift; sourceTree = "<group>"; };
		8D82C44728E2DC830094AA18 /* NotificationsPermissionUseCase.swift */ = {isa = PBXFileReference; lastKnownFileType = sourcecode.swift; path = NotificationsPermissionUseCase.swift; sourceTree = "<group>"; };
		8D82C44928E2EAB70094AA18 /* Mock+NotificationManager.swift */ = {isa = PBXFileReference; lastKnownFileType = sourcecode.swift; path = "Mock+NotificationManager.swift"; sourceTree = "<group>"; };
		8DA6ECC728DA39730014C59C /* Metrics+ViewModel.swift */ = {isa = PBXFileReference; lastKnownFileType = sourcecode.swift; path = "Metrics+ViewModel.swift"; sourceTree = "<group>"; };
		8DA6ECCE28DA3AA10014C59C /* Mock.swift */ = {isa = PBXFileReference; lastKnownFileType = sourcecode.swift; path = Mock.swift; sourceTree = "<group>"; };
/* End PBXFileReference section */

/* Begin PBXFrameworksBuildPhase section */
		8D0771D428DA321F0022433F /* Frameworks */ = {
			isa = PBXFrameworksBuildPhase;
			buildActionMask = 2147483647;
			files = (
				8D07721028DA35980022433F /* SFSafeSymbols in Frameworks */,
				8D0D144A28DA51E80075E192 /* Watcher in Frameworks */,
			);
			runOnlyForDeploymentPostprocessing = 0;
		};
		8D0771E428DA32210022433F /* Frameworks */ = {
			isa = PBXFrameworksBuildPhase;
			buildActionMask = 2147483647;
			files = (
			);
			runOnlyForDeploymentPostprocessing = 0;
		};
		8D0771EE28DA32210022433F /* Frameworks */ = {
			isa = PBXFrameworksBuildPhase;
			buildActionMask = 2147483647;
			files = (
			);
			runOnlyForDeploymentPostprocessing = 0;
		};
/* End PBXFrameworksBuildPhase section */

/* Begin PBXGroup section */
		8D0771CE28DA321E0022433F = {
			isa = PBXGroup;
			children = (
				8D0D143D28DA50A40075E192 /* Packages */,
				8D0771D928DA321F0022433F /* DataDogApp */,
				8D0771EA28DA32210022433F /* DataDogTests */,
				8D0771F428DA32210022433F /* DataDogUITests */,
				8D0771D828DA321F0022433F /* Products */,
				8D0D144828DA51E80075E192 /* Frameworks */,
			);
			sourceTree = "<group>";
		};
		8D0771D828DA321F0022433F /* Products */ = {
			isa = PBXGroup;
			children = (
				8D0771D728DA321F0022433F /* DataDogApp.app */,
				8D0771E728DA32210022433F /* DataDogAppTests.xctest */,
				8D0771F128DA32210022433F /* DataDogAppUITests.xctest */,
			);
			name = Products;
			sourceTree = "<group>";
		};
		8D0771D928DA321F0022433F /* DataDogApp */ = {
			isa = PBXGroup;
			children = (
				8D0771DE28DA32210022433F /* Assets.xcassets */,
				8D0771DA28DA321F0022433F /* DataDogApp.swift */,
				8D4F135528E08CB100C948A9 /* Extensions */,
				8D0771E028DA32210022433F /* Preview Content */,
				8D07720728DA35510022433F /* Scenes */,
				8D82C44528E2DC6C0094AA18 /* UseCases */,
				8D4F135128E06A8300C948A9 /* ViewModelProvider.swift */,
			);
			path = DataDogApp;
			sourceTree = "<group>";
		};
		8D0771E028DA32210022433F /* Preview Content */ = {
			isa = PBXGroup;
			children = (
				8DA6ECCD28DA3A990014C59C /* Mocks */,
				8D0771E128DA32210022433F /* Preview Assets.xcassets */,
			);
			path = "Preview Content";
			sourceTree = "<group>";
		};
		8D0771EA28DA32210022433F /* DataDogTests */ = {
			isa = PBXGroup;
			children = (
				8D0771EB28DA32210022433F /* DataDogWatchAppTests.swift */,
			);
			path = DataDogTests;
			sourceTree = "<group>";
		};
		8D0771F428DA32210022433F /* DataDogUITests */ = {
			isa = PBXGroup;
			children = (
				8D0771F528DA32210022433F /* DataDogWatchAppUITests.swift */,
				8D0771F728DA32210022433F /* DataDogWatchAppUITestsLaunchTests.swift */,
			);
			path = DataDogUITests;
			sourceTree = "<group>";
		};
		8D07720728DA35510022433F /* Scenes */ = {
			isa = PBXGroup;
			children = (
				8D4F136628E0AFF600C948A9 /* Common */,
				8D4F134E28E067B500C948A9 /* Root */,
				8DA6ECC628DA39670014C59C /* Metrics */,
				8D4F134728DF7CE800C948A9 /* Events */,
				8D4F136528E0AF6500C948A9 /* Threshold */,
			);
			path = Scenes;
			sourceTree = "<group>";
		};
		8D0D143D28DA50A40075E192 /* Packages */ = {
			isa = PBXGroup;
			children = (
				8D0D144728DA517A0075E192 /* WatcherSDK */,
			);
			name = Packages;
			sourceTree = "<group>";
		};
		8D0D144828DA51E80075E192 /* Frameworks */ = {
			isa = PBXGroup;
			children = (
			);
			name = Frameworks;
			sourceTree = "<group>";
		};
		8D4F134728DF7CE800C948A9 /* Events */ = {
			isa = PBXGroup;
			children = (
				8D07720C28DA35710022433F /* Events.swift */,
				8D4F134828DF7CF400C948A9 /* Events+ViewModel.swift */,
			);
			path = Events;
			sourceTree = "<group>";
		};
		8D4F134E28E067B500C948A9 /* Root */ = {
			isa = PBXGroup;
			children = (
				8D0771DC28DA321F0022433F /* RootView.swift */,
				8D4F134F28E0681400C948A9 /* RootView+ViewModel.swift */,
			);
			path = Root;
			sourceTree = "<group>";
		};
		8D4F135528E08CB100C948A9 /* Extensions */ = {
			isa = PBXGroup;
			children = (
				8D4F135628E08CC100C948A9 /* Color+Convenience.swift */,
				8D4F136128E0AC5A00C948A9 /* Color+Brand.swift */,
			);
			path = Extensions;
			sourceTree = "<group>";
		};
		8D4F136528E0AF6500C948A9 /* Threshold */ = {
			isa = PBXGroup;
			children = (
				8D4F136328E0AF4D00C948A9 /* ThresholdEditor.swift */,
			);
			path = Threshold;
			sourceTree = "<group>";
		};
		8D4F136628E0AFF600C948A9 /* Common */ = {
			isa = PBXGroup;
			children = (
				8D4F136728E0B01800C948A9 /* BrandedButtonStyle .swift */,
			);
			path = Common;
			sourceTree = "<group>";
		};
		8D82C44528E2DC6C0094AA18 /* UseCases */ = {
			isa = PBXGroup;
			children = (
				8D82C44628E2DC770094AA18 /* Notifications */,
			);
			path = UseCases;
			sourceTree = "<group>";
		};
		8D82C44628E2DC770094AA18 /* Notifications */ = {
			isa = PBXGroup;
			children = (
				8D82C44728E2DC830094AA18 /* NotificationsPermissionUseCase.swift */,
				8D82C44328E2DB970094AA18 /* NotificationCenterManager.swift */,
			);
			path = Notifications;
			sourceTree = "<group>";
		};
		8DA6ECC628DA39670014C59C /* Metrics */ = {
			isa = PBXGroup;
			children = (
				8D4F135328E0845400C948A9 /* Metrics.Metric+Gauge.swift */,
				8D07720A28DA356B0022433F /* Metrics.swift */,
				8D4F135A28E0963000C948A9 /* Metrics+Chart.swift */,
				8D4F135828E08F2B00C948A9 /* Metrics+Metric.swift */,
				8DA6ECC728DA39730014C59C /* Metrics+ViewModel.swift */,
			);
			path = Metrics;
			sourceTree = "<group>";
		};
		8DA6ECCD28DA3A990014C59C /* Mocks */ = {
			isa = PBXGroup;
			children = (
				8DA6ECCE28DA3AA10014C59C /* Mock.swift */,
				8D4F135E28E09FB900C948A9 /* Mock+ChartValues.swift */,
				8D0D145328DF22970075E192 /* Mock+MetricConfigurator.swift */,
				8D0D145128DF21420075E192 /* Mock+RandomMetricProvider.swift */,
				8D4F134C28E0578700C948A9 /* Mock+RandomEventMetricManager.swift */,
				8D82C44928E2EAB70094AA18 /* Mock+NotificationManager.swift */,
			);
			path = Mocks;
			sourceTree = "<group>";
		};
/* End PBXGroup section */

/* Begin PBXNativeTarget section */
		8D0771D628DA321F0022433F /* DataDogApp */ = {
			isa = PBXNativeTarget;
			buildConfigurationList = 8D0771FB28DA32210022433F /* Build configuration list for PBXNativeTarget "DataDogApp" */;
			buildPhases = (
				8D0771D328DA321F0022433F /* Sources */,
				8D0771D428DA321F0022433F /* Frameworks */,
				8D0771D528DA321F0022433F /* Resources */,
			);
			buildRules = (
			);
			dependencies = (
			);
			name = DataDogApp;
			packageProductDependencies = (
				8D07720F28DA35980022433F /* SFSafeSymbols */,
				8D0D144928DA51E80075E192 /* Watcher */,
			);
			productName = DataDogWatchApp;
			productReference = 8D0771D728DA321F0022433F /* DataDogApp.app */;
			productType = "com.apple.product-type.application";
		};
		8D0771E628DA32210022433F /* DataDogAppTests */ = {
			isa = PBXNativeTarget;
			buildConfigurationList = 8D0771FE28DA32210022433F /* Build configuration list for PBXNativeTarget "DataDogAppTests" */;
			buildPhases = (
				8D0771E328DA32210022433F /* Sources */,
				8D0771E428DA32210022433F /* Frameworks */,
				8D0771E528DA32210022433F /* Resources */,
			);
			buildRules = (
			);
			dependencies = (
				8D0771E928DA32210022433F /* PBXTargetDependency */,
			);
			name = DataDogAppTests;
			productName = DataDogWatchAppTests;
			productReference = 8D0771E728DA32210022433F /* DataDogAppTests.xctest */;
			productType = "com.apple.product-type.bundle.unit-test";
		};
		8D0771F028DA32210022433F /* DataDogAppUITests */ = {
			isa = PBXNativeTarget;
			buildConfigurationList = 8D07720128DA32210022433F /* Build configuration list for PBXNativeTarget "DataDogAppUITests" */;
			buildPhases = (
				8D0771ED28DA32210022433F /* Sources */,
				8D0771EE28DA32210022433F /* Frameworks */,
				8D0771EF28DA32210022433F /* Resources */,
			);
			buildRules = (
			);
			dependencies = (
				8D0771F328DA32210022433F /* PBXTargetDependency */,
			);
			name = DataDogAppUITests;
			productName = DataDogWatchAppUITests;
			productReference = 8D0771F128DA32210022433F /* DataDogAppUITests.xctest */;
			productType = "com.apple.product-type.bundle.ui-testing";
		};
/* End PBXNativeTarget section */

/* Begin PBXProject section */
		8D0771CF28DA321E0022433F /* Project object */ = {
			isa = PBXProject;
			attributes = {
				BuildIndependentTargetsInParallel = 1;
				LastSwiftUpdateCheck = 1400;
				LastUpgradeCheck = 1400;
				TargetAttributes = {
					8D0771D628DA321F0022433F = {
						CreatedOnToolsVersion = 14.0;
					};
					8D0771E628DA32210022433F = {
						CreatedOnToolsVersion = 14.0;
						TestTargetID = 8D0771D628DA321F0022433F;
					};
					8D0771F028DA32210022433F = {
						CreatedOnToolsVersion = 14.0;
						TestTargetID = 8D0771D628DA321F0022433F;
					};
				};
			};
			buildConfigurationList = 8D0771D228DA321E0022433F /* Build configuration list for PBXProject "DataDogApp" */;
			compatibilityVersion = "Xcode 14.0";
			developmentRegion = en;
			hasScannedForEncodings = 0;
			knownRegions = (
				en,
				Base,
			);
			mainGroup = 8D0771CE28DA321E0022433F;
			packageReferences = (
				8D07720E28DA35980022433F /* XCRemoteSwiftPackageReference "SFSafeSymbols" */,
			);
			productRefGroup = 8D0771D828DA321F0022433F /* Products */;
			projectDirPath = "";
			projectRoot = "";
			targets = (
				8D0771D628DA321F0022433F /* DataDogApp */,
				8D0771E628DA32210022433F /* DataDogAppTests */,
				8D0771F028DA32210022433F /* DataDogAppUITests */,
			);
		};
/* End PBXProject section */

/* Begin PBXResourcesBuildPhase section */
		8D0771D528DA321F0022433F /* Resources */ = {
			isa = PBXResourcesBuildPhase;
			buildActionMask = 2147483647;
			files = (
				8D0771E228DA32210022433F /* Preview Assets.xcassets in Resources */,
				8D0771DF28DA32210022433F /* Assets.xcassets in Resources */,
			);
			runOnlyForDeploymentPostprocessing = 0;
		};
		8D0771E528DA32210022433F /* Resources */ = {
			isa = PBXResourcesBuildPhase;
			buildActionMask = 2147483647;
			files = (
			);
			runOnlyForDeploymentPostprocessing = 0;
		};
		8D0771EF28DA32210022433F /* Resources */ = {
			isa = PBXResourcesBuildPhase;
			buildActionMask = 2147483647;
			files = (
			);
			runOnlyForDeploymentPostprocessing = 0;
		};
/* End PBXResourcesBuildPhase section */

/* Begin PBXSourcesBuildPhase section */
		8D0771D328DA321F0022433F /* Sources */ = {
			isa = PBXSourcesBuildPhase;
			buildActionMask = 2147483647;
			files = (
				8D0D145428DF22970075E192 /* Mock+MetricConfigurator.swift in Sources */,
				8D4F135728E08CC100C948A9 /* Color+Convenience.swift in Sources */,
				8D4F135228E06A8300C948A9 /* ViewModelProvider.swift in Sources */,
				8D4F136228E0AC5A00C948A9 /* Color+Brand.swift in Sources */,
				8D4F135428E0845400C948A9 /* Metrics.Metric+Gauge.swift in Sources */,
				8D4F136828E0B01800C948A9 /* BrandedButtonStyle .swift in Sources */,
				8D07720D28DA35710022433F /* Events.swift in Sources */,
				8D0771DD28DA321F0022433F /* RootView.swift in Sources */,
				8D4F135928E08F2B00C948A9 /* Metrics+Metric.swift in Sources */,
				8D4F135028E0681400C948A9 /* RootView+ViewModel.swift in Sources */,
				8DA6ECCF28DA3AA10014C59C /* Mock.swift in Sources */,
				8D82C44A28E2EAB70094AA18 /* Mock+NotificationManager.swift in Sources */,
				8D82C44828E2DC830094AA18 /* NotificationsPermissionUseCase.swift in Sources */,
				8D82C44428E2DB970094AA18 /* NotificationCenterManager.swift in Sources */,
				8D4F136028E0A07400C948A9 /* Metrics+Chart.swift in Sources */,
				8D07720B28DA356B0022433F /* Metrics.swift in Sources */,
				8DA6ECC828DA39730014C59C /* Metrics+ViewModel.swift in Sources */,
				8D4F134928DF7CF400C948A9 /* Events+ViewModel.swift in Sources */,
				8D0771DB28DA321F0022433F /* DataDogApp.swift in Sources */,
				8D4F134D28E0578700C948A9 /* Mock+RandomEventMetricManager.swift in Sources */,
				8D4F136428E0AF4D00C948A9 /* ThresholdEditor.swift in Sources */,
				8D4F135F28E09FB900C948A9 /* Mock+ChartValues.swift in Sources */,
				8D0D145228DF21420075E192 /* Mock+RandomMetricProvider.swift in Sources */,
			);
			runOnlyForDeploymentPostprocessing = 0;
		};
		8D0771E328DA32210022433F /* Sources */ = {
			isa = PBXSourcesBuildPhase;
			buildActionMask = 2147483647;
			files = (
				8D0771EC28DA32210022433F /* DataDogWatchAppTests.swift in Sources */,
			);
			runOnlyForDeploymentPostprocessing = 0;
		};
		8D0771ED28DA32210022433F /* Sources */ = {
			isa = PBXSourcesBuildPhase;
			buildActionMask = 2147483647;
			files = (
				8D0771F628DA32210022433F /* DataDogWatchAppUITests.swift in Sources */,
				8D0771F828DA32210022433F /* DataDogWatchAppUITestsLaunchTests.swift in Sources */,
			);
			runOnlyForDeploymentPostprocessing = 0;
		};
/* End PBXSourcesBuildPhase section */

/* Begin PBXTargetDependency section */
		8D0771E928DA32210022433F /* PBXTargetDependency */ = {
			isa = PBXTargetDependency;
			target = 8D0771D628DA321F0022433F /* DataDogApp */;
			targetProxy = 8D0771E828DA32210022433F /* PBXContainerItemProxy */;
		};
		8D0771F328DA32210022433F /* PBXTargetDependency */ = {
			isa = PBXTargetDependency;
			target = 8D0771D628DA321F0022433F /* DataDogApp */;
			targetProxy = 8D0771F228DA32210022433F /* PBXContainerItemProxy */;
		};
/* End PBXTargetDependency section */

/* Begin XCBuildConfiguration section */
		8D0771F928DA32210022433F /* Debug */ = {
			isa = XCBuildConfiguration;
			buildSettings = {
				ALWAYS_SEARCH_USER_PATHS = NO;
				CLANG_ANALYZER_NONNULL = YES;
				CLANG_ANALYZER_NUMBER_OBJECT_CONVERSION = YES_AGGRESSIVE;
				CLANG_CXX_LANGUAGE_STANDARD = "gnu++20";
				CLANG_ENABLE_MODULES = YES;
				CLANG_ENABLE_OBJC_ARC = YES;
				CLANG_ENABLE_OBJC_WEAK = YES;
				CLANG_WARN_BLOCK_CAPTURE_AUTORELEASING = YES;
				CLANG_WARN_BOOL_CONVERSION = YES;
				CLANG_WARN_COMMA = YES;
				CLANG_WARN_CONSTANT_CONVERSION = YES;
				CLANG_WARN_DEPRECATED_OBJC_IMPLEMENTATIONS = YES;
				CLANG_WARN_DIRECT_OBJC_ISA_USAGE = YES_ERROR;
				CLANG_WARN_DOCUMENTATION_COMMENTS = YES;
				CLANG_WARN_EMPTY_BODY = YES;
				CLANG_WARN_ENUM_CONVERSION = YES;
				CLANG_WARN_INFINITE_RECURSION = YES;
				CLANG_WARN_INT_CONVERSION = YES;
				CLANG_WARN_NON_LITERAL_NULL_CONVERSION = YES;
				CLANG_WARN_OBJC_IMPLICIT_RETAIN_SELF = YES;
				CLANG_WARN_OBJC_LITERAL_CONVERSION = YES;
				CLANG_WARN_OBJC_ROOT_CLASS = YES_ERROR;
				CLANG_WARN_QUOTED_INCLUDE_IN_FRAMEWORK_HEADER = YES;
				CLANG_WARN_RANGE_LOOP_ANALYSIS = YES;
				CLANG_WARN_STRICT_PROTOTYPES = YES;
				CLANG_WARN_SUSPICIOUS_MOVE = YES;
				CLANG_WARN_UNGUARDED_AVAILABILITY = YES_AGGRESSIVE;
				CLANG_WARN_UNREACHABLE_CODE = YES;
				CLANG_WARN__DUPLICATE_METHOD_MATCH = YES;
				COPY_PHASE_STRIP = NO;
				DEBUG_INFORMATION_FORMAT = dwarf;
				ENABLE_STRICT_OBJC_MSGSEND = YES;
				ENABLE_TESTABILITY = YES;
				GCC_C_LANGUAGE_STANDARD = gnu11;
				GCC_DYNAMIC_NO_PIC = NO;
				GCC_NO_COMMON_BLOCKS = YES;
				GCC_OPTIMIZATION_LEVEL = 0;
				GCC_PREPROCESSOR_DEFINITIONS = (
					"DEBUG=1",
					"$(inherited)",
				);
				GCC_WARN_64_TO_32_BIT_CONVERSION = YES;
				GCC_WARN_ABOUT_RETURN_TYPE = YES_ERROR;
				GCC_WARN_UNDECLARED_SELECTOR = YES;
				GCC_WARN_UNINITIALIZED_AUTOS = YES_AGGRESSIVE;
				GCC_WARN_UNUSED_FUNCTION = YES;
				GCC_WARN_UNUSED_VARIABLE = YES;
				IPHONEOS_DEPLOYMENT_TARGET = 16.0;
				MTL_ENABLE_DEBUG_INFO = INCLUDE_SOURCE;
				MTL_FAST_MATH = YES;
				ONLY_ACTIVE_ARCH = YES;
				SDKROOT = iphoneos;
				SWIFT_ACTIVE_COMPILATION_CONDITIONS = DEBUG;
				SWIFT_OPTIMIZATION_LEVEL = "-Onone";
			};
			name = Debug;
		};
		8D0771FA28DA32210022433F /* Release */ = {
			isa = XCBuildConfiguration;
			buildSettings = {
				ALWAYS_SEARCH_USER_PATHS = NO;
				CLANG_ANALYZER_NONNULL = YES;
				CLANG_ANALYZER_NUMBER_OBJECT_CONVERSION = YES_AGGRESSIVE;
				CLANG_CXX_LANGUAGE_STANDARD = "gnu++20";
				CLANG_ENABLE_MODULES = YES;
				CLANG_ENABLE_OBJC_ARC = YES;
				CLANG_ENABLE_OBJC_WEAK = YES;
				CLANG_WARN_BLOCK_CAPTURE_AUTORELEASING = YES;
				CLANG_WARN_BOOL_CONVERSION = YES;
				CLANG_WARN_COMMA = YES;
				CLANG_WARN_CONSTANT_CONVERSION = YES;
				CLANG_WARN_DEPRECATED_OBJC_IMPLEMENTATIONS = YES;
				CLANG_WARN_DIRECT_OBJC_ISA_USAGE = YES_ERROR;
				CLANG_WARN_DOCUMENTATION_COMMENTS = YES;
				CLANG_WARN_EMPTY_BODY = YES;
				CLANG_WARN_ENUM_CONVERSION = YES;
				CLANG_WARN_INFINITE_RECURSION = YES;
				CLANG_WARN_INT_CONVERSION = YES;
				CLANG_WARN_NON_LITERAL_NULL_CONVERSION = YES;
				CLANG_WARN_OBJC_IMPLICIT_RETAIN_SELF = YES;
				CLANG_WARN_OBJC_LITERAL_CONVERSION = YES;
				CLANG_WARN_OBJC_ROOT_CLASS = YES_ERROR;
				CLANG_WARN_QUOTED_INCLUDE_IN_FRAMEWORK_HEADER = YES;
				CLANG_WARN_RANGE_LOOP_ANALYSIS = YES;
				CLANG_WARN_STRICT_PROTOTYPES = YES;
				CLANG_WARN_SUSPICIOUS_MOVE = YES;
				CLANG_WARN_UNGUARDED_AVAILABILITY = YES_AGGRESSIVE;
				CLANG_WARN_UNREACHABLE_CODE = YES;
				CLANG_WARN__DUPLICATE_METHOD_MATCH = YES;
				COPY_PHASE_STRIP = NO;
				DEBUG_INFORMATION_FORMAT = "dwarf-with-dsym";
				ENABLE_NS_ASSERTIONS = NO;
				ENABLE_STRICT_OBJC_MSGSEND = YES;
				GCC_C_LANGUAGE_STANDARD = gnu11;
				GCC_NO_COMMON_BLOCKS = YES;
				GCC_WARN_64_TO_32_BIT_CONVERSION = YES;
				GCC_WARN_ABOUT_RETURN_TYPE = YES_ERROR;
				GCC_WARN_UNDECLARED_SELECTOR = YES;
				GCC_WARN_UNINITIALIZED_AUTOS = YES_AGGRESSIVE;
				GCC_WARN_UNUSED_FUNCTION = YES;
				GCC_WARN_UNUSED_VARIABLE = YES;
				IPHONEOS_DEPLOYMENT_TARGET = 16.0;
				MTL_ENABLE_DEBUG_INFO = NO;
				MTL_FAST_MATH = YES;
				SDKROOT = iphoneos;
				SWIFT_COMPILATION_MODE = wholemodule;
				SWIFT_OPTIMIZATION_LEVEL = "-O";
				VALIDATE_PRODUCT = YES;
			};
			name = Release;
		};
		8D0771FC28DA32210022433F /* Debug */ = {
			isa = XCBuildConfiguration;
			buildSettings = {
				ASSETCATALOG_COMPILER_APPICON_NAME = AppIcon;
				ASSETCATALOG_COMPILER_GLOBAL_ACCENT_COLOR_NAME = AccentColor;
				CODE_SIGN_STYLE = Automatic;
				CURRENT_PROJECT_VERSION = 1;
				DEVELOPMENT_ASSET_PATHS = "\"DataDogApp/Preview Content\"";
				DEVELOPMENT_TEAM = 45V7YBK65N;
				ENABLE_PREVIEWS = YES;
				GENERATE_INFOPLIST_FILE = YES;
				INFOPLIST_KEY_UIApplicationSceneManifest_Generation = YES;
				INFOPLIST_KEY_UIApplicationSupportsIndirectInputEvents = YES;
				INFOPLIST_KEY_UILaunchScreen_Generation = YES;
				INFOPLIST_KEY_UISupportedInterfaceOrientations_iPad = "UIInterfaceOrientationPortrait UIInterfaceOrientationPortraitUpsideDown UIInterfaceOrientationLandscapeLeft UIInterfaceOrientationLandscapeRight";
				INFOPLIST_KEY_UISupportedInterfaceOrientations_iPhone = "UIInterfaceOrientationPortrait UIInterfaceOrientationLandscapeLeft UIInterfaceOrientationLandscapeRight";
				LD_RUNPATH_SEARCH_PATHS = (
					"$(inherited)",
					"@executable_path/Frameworks",
				);
				MARKETING_VERSION = 1.0;
				PRODUCT_BUNDLE_IDENTIFIER = com.datadog.skwiggs.DataDogWatchApp;
				PRODUCT_NAME = "$(TARGET_NAME)";
				SWIFT_EMIT_LOC_STRINGS = YES;
				SWIFT_VERSION = 5.0;
				TARGETED_DEVICE_FAMILY = "1,2";
			};
			name = Debug;
		};
		8D0771FD28DA32210022433F /* Release */ = {
			isa = XCBuildConfiguration;
			buildSettings = {
				ASSETCATALOG_COMPILER_APPICON_NAME = AppIcon;
				ASSETCATALOG_COMPILER_GLOBAL_ACCENT_COLOR_NAME = AccentColor;
				CODE_SIGN_STYLE = Automatic;
				CURRENT_PROJECT_VERSION = 1;
				DEVELOPMENT_ASSET_PATHS = "\"DataDogApp/Preview Content\"";
				DEVELOPMENT_TEAM = 45V7YBK65N;
				ENABLE_PREVIEWS = YES;
				GENERATE_INFOPLIST_FILE = YES;
				INFOPLIST_KEY_UIApplicationSceneManifest_Generation = YES;
				INFOPLIST_KEY_UIApplicationSupportsIndirectInputEvents = YES;
				INFOPLIST_KEY_UILaunchScreen_Generation = YES;
				INFOPLIST_KEY_UISupportedInterfaceOrientations_iPad = "UIInterfaceOrientationPortrait UIInterfaceOrientationPortraitUpsideDown UIInterfaceOrientationLandscapeLeft UIInterfaceOrientationLandscapeRight";
				INFOPLIST_KEY_UISupportedInterfaceOrientations_iPhone = "UIInterfaceOrientationPortrait UIInterfaceOrientationLandscapeLeft UIInterfaceOrientationLandscapeRight";
				LD_RUNPATH_SEARCH_PATHS = (
					"$(inherited)",
					"@executable_path/Frameworks",
				);
				MARKETING_VERSION = 1.0;
				PRODUCT_BUNDLE_IDENTIFIER = com.datadog.skwiggs.DataDogWatchApp;
				PRODUCT_NAME = "$(TARGET_NAME)";
				SWIFT_EMIT_LOC_STRINGS = YES;
				SWIFT_VERSION = 5.0;
				TARGETED_DEVICE_FAMILY = "1,2";
			};
			name = Release;
		};
		8D0771FF28DA32210022433F /* Debug */ = {
			isa = XCBuildConfiguration;
			buildSettings = {
				ALWAYS_EMBED_SWIFT_STANDARD_LIBRARIES = YES;
				BUNDLE_LOADER = "$(TEST_HOST)";
				CODE_SIGN_STYLE = Automatic;
				CURRENT_PROJECT_VERSION = 1;
				DEVELOPMENT_TEAM = 96Y2K9J65M;
				GENERATE_INFOPLIST_FILE = YES;
				IPHONEOS_DEPLOYMENT_TARGET = 16.0;
				MARKETING_VERSION = 1.0;
				PRODUCT_BUNDLE_IDENTIFIER = com.datadog.skwiggs.DataDogWatchAppTests;
				PRODUCT_NAME = "$(TARGET_NAME)";
				SWIFT_EMIT_LOC_STRINGS = NO;
				SWIFT_VERSION = 5.0;
				TARGETED_DEVICE_FAMILY = "1,2";
				TEST_HOST = "$(BUILT_PRODUCTS_DIR)/DataDogWatchApp.app/$(BUNDLE_EXECUTABLE_FOLDER_PATH)/DataDogWatchApp";
			};
			name = Debug;
		};
		8D07720028DA32210022433F /* Release */ = {
			isa = XCBuildConfiguration;
			buildSettings = {
				ALWAYS_EMBED_SWIFT_STANDARD_LIBRARIES = YES;
				BUNDLE_LOADER = "$(TEST_HOST)";
				CODE_SIGN_STYLE = Automatic;
				CURRENT_PROJECT_VERSION = 1;
				DEVELOPMENT_TEAM = 96Y2K9J65M;
				GENERATE_INFOPLIST_FILE = YES;
				IPHONEOS_DEPLOYMENT_TARGET = 16.0;
				MARKETING_VERSION = 1.0;
				PRODUCT_BUNDLE_IDENTIFIER = com.datadog.skwiggs.DataDogWatchAppTests;
				PRODUCT_NAME = "$(TARGET_NAME)";
				SWIFT_EMIT_LOC_STRINGS = NO;
				SWIFT_VERSION = 5.0;
				TARGETED_DEVICE_FAMILY = "1,2";
				TEST_HOST = "$(BUILT_PRODUCTS_DIR)/DataDogWatchApp.app/$(BUNDLE_EXECUTABLE_FOLDER_PATH)/DataDogWatchApp";
			};
			name = Release;
		};
		8D07720228DA32210022433F /* Debug */ = {
			isa = XCBuildConfiguration;
			buildSettings = {
				ALWAYS_EMBED_SWIFT_STANDARD_LIBRARIES = YES;
				CODE_SIGN_STYLE = Automatic;
				CURRENT_PROJECT_VERSION = 1;
				DEVELOPMENT_TEAM = 96Y2K9J65M;
				GENERATE_INFOPLIST_FILE = YES;
				MARKETING_VERSION = 1.0;
				PRODUCT_BUNDLE_IDENTIFIER = com.datadog.skwiggs.DataDogWatchAppUITests;
				PRODUCT_NAME = "$(TARGET_NAME)";
				SWIFT_EMIT_LOC_STRINGS = NO;
				SWIFT_VERSION = 5.0;
				TARGETED_DEVICE_FAMILY = "1,2";
				TEST_TARGET_NAME = DataDogWatchApp;
			};
			name = Debug;
		};
		8D07720328DA32210022433F /* Release */ = {
			isa = XCBuildConfiguration;
			buildSettings = {
				ALWAYS_EMBED_SWIFT_STANDARD_LIBRARIES = YES;
				CODE_SIGN_STYLE = Automatic;
				CURRENT_PROJECT_VERSION = 1;
				DEVELOPMENT_TEAM = 96Y2K9J65M;
				GENERATE_INFOPLIST_FILE = YES;
				MARKETING_VERSION = 1.0;
				PRODUCT_BUNDLE_IDENTIFIER = com.datadog.skwiggs.DataDogWatchAppUITests;
				PRODUCT_NAME = "$(TARGET_NAME)";
				SWIFT_EMIT_LOC_STRINGS = NO;
				SWIFT_VERSION = 5.0;
				TARGETED_DEVICE_FAMILY = "1,2";
				TEST_TARGET_NAME = DataDogWatchApp;
			};
			name = Release;
		};
/* End XCBuildConfiguration section */

/* Begin XCConfigurationList section */
		8D0771D228DA321E0022433F /* Build configuration list for PBXProject "DataDogApp" */ = {
			isa = XCConfigurationList;
			buildConfigurations = (
				8D0771F928DA32210022433F /* Debug */,
				8D0771FA28DA32210022433F /* Release */,
			);
			defaultConfigurationIsVisible = 0;
			defaultConfigurationName = Release;
		};
		8D0771FB28DA32210022433F /* Build configuration list for PBXNativeTarget "DataDogApp" */ = {
			isa = XCConfigurationList;
			buildConfigurations = (
				8D0771FC28DA32210022433F /* Debug */,
				8D0771FD28DA32210022433F /* Release */,
			);
			defaultConfigurationIsVisible = 0;
			defaultConfigurationName = Release;
		};
		8D0771FE28DA32210022433F /* Build configuration list for PBXNativeTarget "DataDogAppTests" */ = {
			isa = XCConfigurationList;
			buildConfigurations = (
				8D0771FF28DA32210022433F /* Debug */,
				8D07720028DA32210022433F /* Release */,
			);
			defaultConfigurationIsVisible = 0;
			defaultConfigurationName = Release;
		};
		8D07720128DA32210022433F /* Build configuration list for PBXNativeTarget "DataDogAppUITests" */ = {
			isa = XCConfigurationList;
			buildConfigurations = (
				8D07720228DA32210022433F /* Debug */,
				8D07720328DA32210022433F /* Release */,
			);
			defaultConfigurationIsVisible = 0;
			defaultConfigurationName = Release;
		};
/* End XCConfigurationList section */

/* Begin XCRemoteSwiftPackageReference section */
		8D07720E28DA35980022433F /* XCRemoteSwiftPackageReference "SFSafeSymbols" */ = {
			isa = XCRemoteSwiftPackageReference;
			repositoryURL = "https://github.com/SFSafeSymbols/SFSafeSymbols";
			requirement = {
				kind = exactVersion;
				version = 4.0.0;
			};
		};
/* End XCRemoteSwiftPackageReference section */

/* Begin XCSwiftPackageProductDependency section */
		8D07720F28DA35980022433F /* SFSafeSymbols */ = {
			isa = XCSwiftPackageProductDependency;
			package = 8D07720E28DA35980022433F /* XCRemoteSwiftPackageReference "SFSafeSymbols" */;
			productName = SFSafeSymbols;
		};
		8D0D144928DA51E80075E192 /* Watcher */ = {
			isa = XCSwiftPackageProductDependency;
			productName = Watcher;
		};
/* End XCSwiftPackageProductDependency section */
	};
	rootObject = 8D0771CF28DA321E0022433F /* Project object */;
}
